
Microsoft Visual Studio Solution File, Format Version 12.00
# Visual Studio Version 17
VisualStudioVersion = 17.5.33424.131
MinimumVisualStudioVersion = 10.0.40219.1
Project("{FAE04EC0-301F-11D3-BF4B-00C04F79EFBC}") = "2. Car Race", "2. Car Race\2. Car Race.csproj", "{6131C7FD-63A1-4421-964E-5E486A95FC5B}"
EndProject
Global
	GlobalSection(SolutionConfigurationPlatforms) = preSolution
		Debug|Any CPU = Debug|Any CPU
		Release|Any CPU = Release|Any CPU
	EndGlobalSection
	GlobalSection(ProjectConfigurationPlatforms) = postSolution
		{6131C7FD-63A1-4421-964E-5E486A95FC5B}.Debug|Any CPU.ActiveCfg = Debug|Any CPU
		{6131C7FD-63A1-4421-964E-5E486A95FC5B}.Debug|Any CPU.Build.0 = Debug|Any CPU
		{6131C7FD-63A1-4421-964E-5E486A95FC5B}.Release|Any CPU.ActiveCfg = Release|Any CPU
		{6131C7FD-63A1-4421-964E-5E486A95FC5B}.Release|Any CPU.Build.0 = Release|Any CPU
	EndGlobalSection
	GlobalSection(SolutionProperties) = preSolution
		HideSolutionNode = FALSE
	EndGlobalSection
	GlobalSection(ExtensibilityGlobals) = postSolution
		SolutionGuid = {83FBA906-F283-4186-91F8-B9D3B041CA0A}
	EndGlobalSection
EndGlobal
